
Microsoft Visual Studio Solution File, Format Version 12.00
# Visual Studio Version 17
VisualStudioVersion = 17.3.32922.545
MinimumVisualStudioVersion = 10.0.40219.1
Project("{FAE04EC0-301F-11D3-BF4B-00C04F79EFBC}") = "YurtKayitSistemi", "YurtKayitSistemi\YurtKayitSistemi.csproj", "{2CDA1493-EC67-44E0-8B96-3DB2E1B06025}"
EndProject
Global
	GlobalSection(SolutionConfigurationPlatforms) = preSolution
		Debug|Any CPU = Debug|Any CPU
		Release|Any CPU = Release|Any CPU
	EndGlobalSection
	GlobalSection(ProjectConfigurationPlatforms) = postSolution
		{2CDA1493-EC67-44E0-8B96-3DB2E1B06025}.Debug|Any CPU.ActiveCfg = Debug|Any CPU
		{2CDA1493-EC67-44E0-8B96-3DB2E1B06025}.Debug|Any CPU.Build.0 = Debug|Any CPU
		{2CDA1493-EC67-44E0-8B96-3DB2E1B06025}.Release|Any CPU.ActiveCfg = Release|Any CPU
		{2CDA1493-EC67-44E0-8B96-3DB2E1B06025}.Release|Any CPU.Build.0 = Release|Any CPU
	EndGlobalSection
	GlobalSection(SolutionProperties) = preSolution
		HideSolutionNode = FALSE
	EndGlobalSection
	GlobalSection(ExtensibilityGlobals) = postSolution
		SolutionGuid = {D27E6764-EA45-4F46-A463-EC4318126CF5}
	EndGlobalSection
EndGlobal
